// !$*UTF8*$!
{
	archiveVersion = 1;
	classes = {
	};
	objectVersion = 50;
	objects = {

/* Begin PBXBuildFile section */
		6379964924C5CF03009853BD /* AppDelegate.swift in Sources */ = {isa = PBXBuildFile; fileRef = 6379964824C5CF03009853BD /* AppDelegate.swift */; };
		6379964B24C5CF03009853BD /* SceneDelegate.swift in Sources */ = {isa = PBXBuildFile; fileRef = 6379964A24C5CF03009853BD /* SceneDelegate.swift */; };
		6379964D24C5CF03009853BD /* HomeViewController.swift in Sources */ = {isa = PBXBuildFile; fileRef = 6379964C24C5CF03009853BD /* HomeViewController.swift */; };
		6379965024C5CF03009853BD /* Main.storyboard in Resources */ = {isa = PBXBuildFile; fileRef = 6379964E24C5CF03009853BD /* Main.storyboard */; };
		6379965324C5CF03009853BD /* Trivia.xcdatamodeld in Sources */ = {isa = PBXBuildFile; fileRef = 6379965124C5CF03009853BD /* Trivia.xcdatamodeld */; };
		6379965524C5CF05009853BD /* Assets.xcassets in Resources */ = {isa = PBXBuildFile; fileRef = 6379965424C5CF05009853BD /* Assets.xcassets */; };
		6379965824C5CF05009853BD /* LaunchScreen.storyboard in Resources */ = {isa = PBXBuildFile; fileRef = 6379965624C5CF05009853BD /* LaunchScreen.storyboard */; };
		6379966324C5CF05009853BD /* TriviaTests.swift in Sources */ = {isa = PBXBuildFile; fileRef = 6379966224C5CF05009853BD /* TriviaTests.swift */; };
		6379966E24C5CF05009853BD /* TriviaUITests.swift in Sources */ = {isa = PBXBuildFile; fileRef = 6379966D24C5CF05009853BD /* TriviaUITests.swift */; };
		6379967F24C5D40B009853BD /* CardViewClass.swift in Sources */ = {isa = PBXBuildFile; fileRef = 6379967E24C5D40B009853BD /* CardViewClass.swift */; };
		6379968124C5D417009853BD /* DesignClass.swift in Sources */ = {isa = PBXBuildFile; fileRef = 6379968024C5D417009853BD /* DesignClass.swift */; };
		6379968324C5EE9E009853BD /* Extensions.swift in Sources */ = {isa = PBXBuildFile; fileRef = 6379968224C5EE9E009853BD /* Extensions.swift */; };
		6379968524C5EFBE009853BD /* CricketerVC.swift in Sources */ = {isa = PBXBuildFile; fileRef = 6379968424C5EFBE009853BD /* CricketerVC.swift */; };
		6379968724C5F370009853BD /* Displaymessage.swift in Sources */ = {isa = PBXBuildFile; fileRef = 6379968624C5F370009853BD /* Displaymessage.swift */; };
		6379968924C5FB66009853BD /* FlagVC.swift in Sources */ = {isa = PBXBuildFile; fileRef = 6379968824C5FB66009853BD /* FlagVC.swift */; };
		6379968D24C605BB009853BD /* SummaryVC.swift in Sources */ = {isa = PBXBuildFile; fileRef = 6379968C24C605BB009853BD /* SummaryVC.swift */; };
		63A1C50324C6D8C80084C795 /* HistoryVC.swift in Sources */ = {isa = PBXBuildFile; fileRef = 63A1C50224C6D8C80084C795 /* HistoryVC.swift */; };
		63A1C50524C6DB810084C795 /* HistoryCell.swift in Sources */ = {isa = PBXBuildFile; fileRef = 63A1C50424C6DB810084C795 /* HistoryCell.swift */; };
/* End PBXBuildFile section */

/* Begin PBXContainerItemProxy section */
		6379965F24C5CF05009853BD /* PBXContainerItemProxy */ = {
			isa = PBXContainerItemProxy;
			containerPortal = 6379963D24C5CF03009853BD /* Project object */;
			proxyType = 1;
			remoteGlobalIDString = 6379964424C5CF03009853BD;
			remoteInfo = Trivia;
		};
		6379966A24C5CF05009853BD /* PBXContainerItemProxy */ = {
			isa = PBXContainerItemProxy;
			containerPortal = 6379963D24C5CF03009853BD /* Project object */;
			proxyType = 1;
			remoteGlobalIDString = 6379964424C5CF03009853BD;
			remoteInfo = Trivia;
		};
/* End PBXContainerItemProxy section */

/* Begin PBXFileReference section */
		6379964524C5CF03009853BD /* Trivia App.app */ = {isa = PBXFileReference; explicitFileType = wrapper.application; includeInIndex = 0; path = "Trivia App.app"; sourceTree = BUILT_PRODUCTS_DIR; };
		6379964824C5CF03009853BD /* AppDelegate.swift */ = {isa = PBXFileReference; lastKnownFileType = sourcecode.swift; path = AppDelegate.swift; sourceTree = "<group>"; };
		6379964A24C5CF03009853BD /* SceneDelegate.swift */ = {isa = PBXFileReference; lastKnownFileType = sourcecode.swift; path = SceneDelegate.swift; sourceTree = "<group>"; };
		6379964C24C5CF03009853BD /* HomeViewController.swift */ = {isa = PBXFileReference; lastKnownFileType = sourcecode.swift; path = HomeViewController.swift; sourceTree = "<group>"; };
		6379964F24C5CF03009853BD /* Base */ = {isa = PBXFileReference; lastKnownFileType = file.storyboard; name = Base; path = Base.lproj/Main.storyboard; sourceTree = "<group>"; };
		6379965224C5CF03009853BD /* Trivia.xcdatamodel */ = {isa = PBXFileReference; lastKnownFileType = wrapper.xcdatamodel; path = Trivia.xcdatamodel; sourceTree = "<group>"; };
		6379965424C5CF05009853BD /* Assets.xcassets */ = {isa = PBXFileReference; lastKnownFileType = folder.assetcatalog; path = Assets.xcassets; sourceTree = "<group>"; };
		6379965724C5CF05009853BD /* Base */ = {isa = PBXFileReference; lastKnownFileType = file.storyboard; name = Base; path = Base.lproj/LaunchScreen.storyboard; sourceTree = "<group>"; };
		6379965924C5CF05009853BD /* Info.plist */ = {isa = PBXFileReference; lastKnownFileType = text.plist.xml; path = Info.plist; sourceTree = "<group>"; };
		6379965E24C5CF05009853BD /* TriviaTests.xctest */ = {isa = PBXFileReference; explicitFileType = wrapper.cfbundle; includeInIndex = 0; path = TriviaTests.xctest; sourceTree = BUILT_PRODUCTS_DIR; };
		6379966224C5CF05009853BD /* TriviaTests.swift */ = {isa = PBXFileReference; lastKnownFileType = sourcecode.swift; path = TriviaTests.swift; sourceTree = "<group>"; };
		6379966424C5CF05009853BD /* Info.plist */ = {isa = PBXFileReference; lastKnownFileType = text.plist.xml; path = Info.plist; sourceTree = "<group>"; };
		6379966924C5CF05009853BD /* TriviaUITests.xctest */ = {isa = PBXFileReference; explicitFileType = wrapper.cfbundle; includeInIndex = 0; path = TriviaUITests.xctest; sourceTree = BUILT_PRODUCTS_DIR; };
		6379966D24C5CF05009853BD /* TriviaUITests.swift */ = {isa = PBXFileReference; lastKnownFileType = sourcecode.swift; path = TriviaUITests.swift; sourceTree = "<group>"; };
		6379966F24C5CF05009853BD /* Info.plist */ = {isa = PBXFileReference; lastKnownFileType = text.plist.xml; path = Info.plist; sourceTree = "<group>"; };
		6379967E24C5D40B009853BD /* CardViewClass.swift */ = {isa = PBXFileReference; fileEncoding = 4; lastKnownFileType = sourcecode.swift; path = CardViewClass.swift; sourceTree = "<group>"; };
		6379968024C5D417009853BD /* DesignClass.swift */ = {isa = PBXFileReference; fileEncoding = 4; lastKnownFileType = sourcecode.swift; path = DesignClass.swift; sourceTree = "<group>"; };
		6379968224C5EE9E009853BD /* Extensions.swift */ = {isa = PBXFileReference; fileEncoding = 4; lastKnownFileType = sourcecode.swift; path = Extensions.swift; sourceTree = "<group>"; };
		6379968424C5EFBE009853BD /* CricketerVC.swift */ = {isa = PBXFileReference; lastKnownFileType = sourcecode.swift; path = CricketerVC.swift; sourceTree = "<group>"; };
		6379968624C5F370009853BD /* Displaymessage.swift */ = {isa = PBXFileReference; lastKnownFileType = sourcecode.swift; path = Displaymessage.swift; sourceTree = "<group>"; };
		6379968824C5FB66009853BD /* FlagVC.swift */ = {isa = PBXFileReference; lastKnownFileType = sourcecode.swift; path = FlagVC.swift; sourceTree = "<group>"; };
		6379968C24C605BB009853BD /* SummaryVC.swift */ = {isa = PBXFileReference; lastKnownFileType = sourcecode.swift; path = SummaryVC.swift; sourceTree = "<group>"; };
		63A1C50224C6D8C80084C795 /* HistoryVC.swift */ = {isa = PBXFileReference; lastKnownFileType = sourcecode.swift; path = HistoryVC.swift; sourceTree = "<group>"; };
		63A1C50424C6DB810084C795 /* HistoryCell.swift */ = {isa = PBXFileReference; lastKnownFileType = sourcecode.swift; path = HistoryCell.swift; sourceTree = "<group>"; };
/* End PBXFileReference section */

/* Begin PBXFrameworksBuildPhase section */
		6379964224C5CF03009853BD /* Frameworks */ = {
			isa = PBXFrameworksBuildPhase;
			buildActionMask = 2147483647;
			files = (
			);
			runOnlyForDeploymentPostprocessing = 0;
		};
		6379965B24C5CF05009853BD /* Frameworks */ = {
			isa = PBXFrameworksBuildPhase;
			buildActionMask = 2147483647;
			files = (
			);
			runOnlyForDeploymentPostprocessing = 0;
		};
		6379966624C5CF05009853BD /* Frameworks */ = {
			isa = PBXFrameworksBuildPhase;
			buildActionMask = 2147483647;
			files = (
			);
			runOnlyForDeploymentPostprocessing = 0;
		};
/* End PBXFrameworksBuildPhase section */

/* Begin PBXGroup section */
		6379963C24C5CF03009853BD = {
			isa = PBXGroup;
			children = (
				6379967D24C5D3A4009853BD /* Controller */,
				6379967C24C5D398009853BD /* View */,
				6379967B24C5D385009853BD /* Model */,
				6379964724C5CF03009853BD /* Trivia */,
				6379966124C5CF05009853BD /* TriviaTests */,
				6379966C24C5CF05009853BD /* TriviaUITests */,
				6379964624C5CF03009853BD /* Products */,
			);
			sourceTree = "<group>";
		};
		6379964624C5CF03009853BD /* Products */ = {
			isa = PBXGroup;
			children = (
				6379964524C5CF03009853BD /* Trivia App.app */,
				6379965E24C5CF05009853BD /* TriviaTests.xctest */,
				6379966924C5CF05009853BD /* TriviaUITests.xctest */,
			);
			name = Products;
			sourceTree = "<group>";
		};
		6379964724C5CF03009853BD /* Trivia */ = {
			isa = PBXGroup;
			children = (
				6379964824C5CF03009853BD /* AppDelegate.swift */,
				6379968224C5EE9E009853BD /* Extensions.swift */,
				6379964A24C5CF03009853BD /* SceneDelegate.swift */,
				6379965924C5CF05009853BD /* Info.plist */,
				6379968624C5F370009853BD /* Displaymessage.swift */,
			);
			path = Trivia;
			sourceTree = "<group>";
		};
		6379966124C5CF05009853BD /* TriviaTests */ = {
			isa = PBXGroup;
			children = (
				6379966224C5CF05009853BD /* TriviaTests.swift */,
				6379966424C5CF05009853BD /* Info.plist */,
			);
			path = TriviaTests;
			sourceTree = "<group>";
		};
		6379966C24C5CF05009853BD /* TriviaUITests */ = {
			isa = PBXGroup;
			children = (
				6379966D24C5CF05009853BD /* TriviaUITests.swift */,
				6379966F24C5CF05009853BD /* Info.plist */,
			);
			path = TriviaUITests;
			sourceTree = "<group>";
		};
		6379967B24C5D385009853BD /* Model */ = {
			isa = PBXGroup;
			children = (
				6379965124C5CF03009853BD /* Trivia.xcdatamodeld */,
				63A1C50424C6DB810084C795 /* HistoryCell.swift */,
			);
			path = Model;
			sourceTree = "<group>";
		};
		6379967C24C5D398009853BD /* View */ = {
			isa = PBXGroup;
			children = (
				6379964E24C5CF03009853BD /* Main.storyboard */,
				6379965424C5CF05009853BD /* Assets.xcassets */,
				6379965624C5CF05009853BD /* LaunchScreen.storyboard */,
				6379967E24C5D40B009853BD /* CardViewClass.swift */,
				6379968024C5D417009853BD /* DesignClass.swift */,
			);
			path = View;
			sourceTree = "<group>";
		};
		6379967D24C5D3A4009853BD /* Controller */ = {
			isa = PBXGroup;
			children = (
				6379964C24C5CF03009853BD /* HomeViewController.swift */,
				6379968424C5EFBE009853BD /* CricketerVC.swift */,
				6379968824C5FB66009853BD /* FlagVC.swift */,
				6379968C24C605BB009853BD /* SummaryVC.swift */,
				63A1C50224C6D8C80084C795 /* HistoryVC.swift */,
			);
			path = Controller;
			sourceTree = "<group>";
		};
/* End PBXGroup section */

/* Begin PBXNativeTarget section */
		6379964424C5CF03009853BD /* Trivia */ = {
			isa = PBXNativeTarget;
			buildConfigurationList = 6379967224C5CF05009853BD /* Build configuration list for PBXNativeTarget "Trivia" */;
			buildPhases = (
				6379964124C5CF03009853BD /* Sources */,
				6379964224C5CF03009853BD /* Frameworks */,
				6379964324C5CF03009853BD /* Resources */,
			);
			buildRules = (
			);
			dependencies = (
			);
			name = Trivia;
			productName = Trivia;
			productReference = 6379964524C5CF03009853BD /* Trivia App.app */;
			productType = "com.apple.product-type.application";
		};
		6379965D24C5CF05009853BD /* TriviaTests */ = {
			isa = PBXNativeTarget;
			buildConfigurationList = 6379967524C5CF05009853BD /* Build configuration list for PBXNativeTarget "TriviaTests" */;
			buildPhases = (
				6379965A24C5CF05009853BD /* Sources */,
				6379965B24C5CF05009853BD /* Frameworks */,
				6379965C24C5CF05009853BD /* Resources */,
			);
			buildRules = (
			);
			dependencies = (
				6379966024C5CF05009853BD /* PBXTargetDependency */,
			);
			name = TriviaTests;
			productName = TriviaTests;
			productReference = 6379965E24C5CF05009853BD /* TriviaTests.xctest */;
			productType = "com.apple.product-type.bundle.unit-test";
		};
		6379966824C5CF05009853BD /* TriviaUITests */ = {
			isa = PBXNativeTarget;
			buildConfigurationList = 6379967824C5CF05009853BD /* Build configuration list for PBXNativeTarget "TriviaUITests" */;
			buildPhases = (
				6379966524C5CF05009853BD /* Sources */,
				6379966624C5CF05009853BD /* Frameworks */,
				6379966724C5CF05009853BD /* Resources */,
			);
			buildRules = (
			);
			dependencies = (
				6379966B24C5CF05009853BD /* PBXTargetDependency */,
			);
			name = TriviaUITests;
			productName = TriviaUITests;
			productReference = 6379966924C5CF05009853BD /* TriviaUITests.xctest */;
			productType = "com.apple.product-type.bundle.ui-testing";
		};
/* End PBXNativeTarget section */

/* Begin PBXProject section */
		6379963D24C5CF03009853BD /* Project object */ = {
			isa = PBXProject;
			attributes = {
				LastSwiftUpdateCheck = 1160;
				LastUpgradeCheck = 1160;
				ORGANIZATIONNAME = Aspire;
				TargetAttributes = {
					6379964424C5CF03009853BD = {
						CreatedOnToolsVersion = 11.6;
					};
					6379965D24C5CF05009853BD = {
						CreatedOnToolsVersion = 11.6;
						TestTargetID = 6379964424C5CF03009853BD;
					};
					6379966824C5CF05009853BD = {
						CreatedOnToolsVersion = 11.6;
						TestTargetID = 6379964424C5CF03009853BD;
					};
				};
			};
			buildConfigurationList = 6379964024C5CF03009853BD /* Build configuration list for PBXProject "Trivia" */;
			compatibilityVersion = "Xcode 9.3";
			developmentRegion = en;
			hasScannedForEncodings = 0;
			knownRegions = (
				en,
				Base,
			);
			mainGroup = 6379963C24C5CF03009853BD;
			productRefGroup = 6379964624C5CF03009853BD /* Products */;
			projectDirPath = "";
			projectRoot = "";
			targets = (
				6379964424C5CF03009853BD /* Trivia */,
				6379965D24C5CF05009853BD /* TriviaTests */,
				6379966824C5CF05009853BD /* TriviaUITests */,
			);
		};
/* End PBXProject section */

/* Begin PBXResourcesBuildPhase section */
		6379964324C5CF03009853BD /* Resources */ = {
			isa = PBXResourcesBuildPhase;
			buildActionMask = 2147483647;
			files = (
				6379965824C5CF05009853BD /* LaunchScreen.storyboard in Resources */,
				6379965524C5CF05009853BD /* Assets.xcassets in Resources */,
				6379965024C5CF03009853BD /* Main.storyboard in Resources */,
			);
			runOnlyForDeploymentPostprocessing = 0;
		};
		6379965C24C5CF05009853BD /* Resources */ = {
			isa = PBXResourcesBuildPhase;
			buildActionMask = 2147483647;
			files = (
			);
			runOnlyForDeploymentPostprocessing = 0;
		};
		6379966724C5CF05009853BD /* Resources */ = {
			isa = PBXResourcesBuildPhase;
			buildActionMask = 2147483647;
			files = (
			);
			runOnlyForDeploymentPostprocessing = 0;
		};
/* End PBXResourcesBuildPhase section */

/* Begin PBXSourcesBuildPhase section */
		6379964124C5CF03009853BD /* Sources */ = {
			isa = PBXSourcesBuildPhase;
			buildActionMask = 2147483647;
			files = (
				6379964D24C5CF03009853BD /* HomeViewController.swift in Sources */,
				63A1C50324C6D8C80084C795 /* HistoryVC.swift in Sources */,
				6379968524C5EFBE009853BD /* CricketerVC.swift in Sources */,
				63A1C50524C6DB810084C795 /* HistoryCell.swift in Sources */,
				6379964924C5CF03009853BD /* AppDelegate.swift in Sources */,
				6379968124C5D417009853BD /* DesignClass.swift in Sources */,
				6379968924C5FB66009853BD /* FlagVC.swift in Sources */,
				6379968D24C605BB009853BD /* SummaryVC.swift in Sources */,
				6379967F24C5D40B009853BD /* CardViewClass.swift in Sources */,
				6379965324C5CF03009853BD /* Trivia.xcdatamodeld in Sources */,
				6379968724C5F370009853BD /* Displaymessage.swift in Sources */,
				6379964B24C5CF03009853BD /* SceneDelegate.swift in Sources */,
				6379968324C5EE9E009853BD /* Extensions.swift in Sources */,
			);
			runOnlyForDeploymentPostprocessing = 0;
		};
		6379965A24C5CF05009853BD /* Sources */ = {
			isa = PBXSourcesBuildPhase;
			buildActionMask = 2147483647;
			files = (
				6379966324C5CF05009853BD /* TriviaTests.swift in Sources */,
			);
			runOnlyForDeploymentPostprocessing = 0;
		};
		6379966524C5CF05009853BD /* Sources */ = {
			isa = PBXSourcesBuildPhase;
			buildActionMask = 2147483647;
			files = (
				6379966E24C5CF05009853BD /* TriviaUITests.swift in Sources */,
			);
			runOnlyForDeploymentPostprocessing = 0;
		};
/* End PBXSourcesBuildPhase section */

/* Begin PBXTargetDependency section */
		6379966024C5CF05009853BD /* PBXTargetDependency */ = {
			isa = PBXTargetDependency;
			target = 6379964424C5CF03009853BD /* Trivia */;
			targetProxy = 6379965F24C5CF05009853BD /* PBXContainerItemProxy */;
		};
		6379966B24C5CF05009853BD /* PBXTargetDependency */ = {
			isa = PBXTargetDependency;
			target = 6379964424C5CF03009853BD /* Trivia */;
			targetProxy = 6379966A24C5CF05009853BD /* PBXContainerItemProxy */;
		};
/* End PBXTargetDependency section */

/* Begin PBXVariantGroup section */
		6379964E24C5CF03009853BD /* Main.storyboard */ = {
			isa = PBXVariantGroup;
			children = (
				6379964F24C5CF03009853BD /* Base */,
			);
			name = Main.storyboard;
			sourceTree = "<group>";
		};
		6379965624C5CF05009853BD /* LaunchScreen.storyboard */ = {
			isa = PBXVariantGroup;
			children = (
				6379965724C5CF05009853BD /* Base */,
			);
			name = LaunchScreen.storyboard;
			sourceTree = "<group>";
		};
/* End PBXVariantGroup section */

/* Begin XCBuildConfiguration section */
		6379967024C5CF05009853BD /* Debug */ = {
			isa = XCBuildConfiguration;
			buildSettings = {
				ALWAYS_SEARCH_USER_PATHS = NO;
				CLANG_ANALYZER_NONNULL = YES;
				CLANG_ANALYZER_NUMBER_OBJECT_CONVERSION = YES_AGGRESSIVE;
				CLANG_CXX_LANGUAGE_STANDARD = "gnu++14";
				CLANG_CXX_LIBRARY = "libc++";
				CLANG_ENABLE_MODULES = YES;
				CLANG_ENABLE_OBJC_ARC = YES;
				CLANG_ENABLE_OBJC_WEAK = YES;
				CLANG_WARN_BLOCK_CAPTURE_AUTORELEASING = YES;
				CLANG_WARN_BOOL_CONVERSION = YES;
				CLANG_WARN_COMMA = YES;
				CLANG_WARN_CONSTANT_CONVERSION = YES;
				CLANG_WARN_DEPRECATED_OBJC_IMPLEMENTATIONS = YES;
				CLANG_WARN_DIRECT_OBJC_ISA_USAGE = YES_ERROR;
				CLANG_WARN_DOCUMENTATION_COMMENTS = YES;
				CLANG_WARN_EMPTY_BODY = YES;
				CLANG_WARN_ENUM_CONVERSION = YES;
				CLANG_WARN_INFINITE_RECURSION = YES;
				CLANG_WARN_INT_CONVERSION = YES;
				CLANG_WARN_NON_LITERAL_NULL_CONVERSION = YES;
				CLANG_WARN_OBJC_IMPLICIT_RETAIN_SELF = YES;
				CLANG_WARN_OBJC_LITERAL_CONVERSION = YES;
				CLANG_WARN_OBJC_ROOT_CLASS = YES_ERROR;
				CLANG_WARN_RANGE_LOOP_ANALYSIS = YES;
				CLANG_WARN_STRICT_PROTOTYPES = YES;
				CLANG_WARN_SUSPICIOUS_MOVE = YES;
				CLANG_WARN_UNGUARDED_AVAILABILITY = YES_AGGRESSIVE;
				CLANG_WARN_UNREACHABLE_CODE = YES;
				CLANG_WARN__DUPLICATE_METHOD_MATCH = YES;
				COPY_PHASE_STRIP = NO;
				DEBUG_INFORMATION_FORMAT = dwarf;
				ENABLE_STRICT_OBJC_MSGSEND = YES;
				ENABLE_TESTABILITY = YES;
				GCC_C_LANGUAGE_STANDARD = gnu11;
				GCC_DYNAMIC_NO_PIC = NO;
				GCC_NO_COMMON_BLOCKS = YES;
				GCC_OPTIMIZATION_LEVEL = 0;
				GCC_PREPROCESSOR_DEFINITIONS = (
					"DEBUG=1",
					"$(inherited)",
				);
				GCC_WARN_64_TO_32_BIT_CONVERSION = YES;
				GCC_WARN_ABOUT_RETURN_TYPE = YES_ERROR;
				GCC_WARN_UNDECLARED_SELECTOR = YES;
				GCC_WARN_UNINITIALIZED_AUTOS = YES_AGGRESSIVE;
				GCC_WARN_UNUSED_FUNCTION = YES;
				GCC_WARN_UNUSED_VARIABLE = YES;
				IPHONEOS_DEPLOYMENT_TARGET = 13.6;
				MTL_ENABLE_DEBUG_INFO = INCLUDE_SOURCE;
				MTL_FAST_MATH = YES;
				ONLY_ACTIVE_ARCH = YES;
				SDKROOT = iphoneos;
				SWIFT_ACTIVE_COMPILATION_CONDITIONS = DEBUG;
				SWIFT_OPTIMIZATION_LEVEL = "-Onone";
			};
			name = Debug;
		};
		6379967124C5CF05009853BD /* Release */ = {
			isa = XCBuildConfiguration;
			buildSettings = {
				ALWAYS_SEARCH_USER_PATHS = NO;
				CLANG_ANALYZER_NONNULL = YES;
				CLANG_ANALYZER_NUMBER_OBJECT_CONVERSION = YES_AGGRESSIVE;
				CLANG_CXX_LANGUAGE_STANDARD = "gnu++14";
				CLANG_CXX_LIBRARY = "libc++";
				CLANG_ENABLE_MODULES = YES;
				CLANG_ENABLE_OBJC_ARC = YES;
				CLANG_ENABLE_OBJC_WEAK = YES;
				CLANG_WARN_BLOCK_CAPTURE_AUTORELEASING = YES;
				CLANG_WARN_BOOL_CONVERSION = YES;
				CLANG_WARN_COMMA = YES;
				CLANG_WARN_CONSTANT_CONVERSION = YES;
				CLANG_WARN_DEPRECATED_OBJC_IMPLEMENTATIONS = YES;
				CLANG_WARN_DIRECT_OBJC_ISA_USAGE = YES_ERROR;
				CLANG_WARN_DOCUMENTATION_COMMENTS = YES;
				CLANG_WARN_EMPTY_BODY = YES;
				CLANG_WARN_ENUM_CONVERSION = YES;
				CLANG_WARN_INFINITE_RECURSION = YES;
				CLANG_WARN_INT_CONVERSION = YES;
				CLANG_WARN_NON_LITERAL_NULL_CONVERSION = YES;
				CLANG_WARN_OBJC_IMPLICIT_RETAIN_SELF = YES;
				CLANG_WARN_OBJC_LITERAL_CONVERSION = YES;
				CLANG_WARN_OBJC_ROOT_CLASS = YES_ERROR;
				CLANG_WARN_RANGE_LOOP_ANALYSIS = YES;
				CLANG_WARN_STRICT_PROTOTYPES = YES;
				CLANG_WARN_SUSPICIOUS_MOVE = YES;
				CLANG_WARN_UNGUARDED_AVAILABILITY = YES_AGGRESSIVE;
				CLANG_WARN_UNREACHABLE_CODE = YES;
				CLANG_WARN__DUPLICATE_METHOD_MATCH = YES;
				COPY_PHASE_STRIP = NO;
				DEBUG_INFORMATION_FORMAT = "dwarf-with-dsym";
				ENABLE_NS_ASSERTIONS = NO;
				ENABLE_STRICT_OBJC_MSGSEND = YES;
				GCC_C_LANGUAGE_STANDARD = gnu11;
				GCC_NO_COMMON_BLOCKS = YES;
				GCC_WARN_64_TO_32_BIT_CONVERSION = YES;
				GCC_WARN_ABOUT_RETURN_TYPE = YES_ERROR;
				GCC_WARN_UNDECLARED_SELECTOR = YES;
				GCC_WARN_UNINITIALIZED_AUTOS = YES_AGGRESSIVE;
				GCC_WARN_UNUSED_FUNCTION = YES;
				GCC_WARN_UNUSED_VARIABLE = YES;
				IPHONEOS_DEPLOYMENT_TARGET = 13.6;
				MTL_ENABLE_DEBUG_INFO = NO;
				MTL_FAST_MATH = YES;
				SDKROOT = iphoneos;
				SWIFT_COMPILATION_MODE = wholemodule;
				SWIFT_OPTIMIZATION_LEVEL = "-O";
				VALIDATE_PRODUCT = YES;
			};
			name = Release;
		};
		6379967324C5CF05009853BD /* Debug */ = {
			isa = XCBuildConfiguration;
			buildSettings = {
				ASSETCATALOG_COMPILER_APPICON_NAME = AppIcon;
				CODE_SIGN_STYLE = Automatic;
				INFOPLIST_FILE = Trivia/Info.plist;
				LD_RUNPATH_SEARCH_PATHS = (
					"$(inherited)",
					"@executable_path/Frameworks",
				);
				PRODUCT_BUNDLE_IDENTIFIER = com.nived.Trivia;
				PRODUCT_NAME = "Trivia App";
				SWIFT_VERSION = 5.0;
				TARGETED_DEVICE_FAMILY = "1,2";
			};
			name = Debug;
		};
		6379967424C5CF05009853BD /* Release */ = {
			isa = XCBuildConfiguration;
			buildSettings = {
				ASSETCATALOG_COMPILER_APPICON_NAME = AppIcon;
				CODE_SIGN_STYLE = Automatic;
				INFOPLIST_FILE = Trivia/Info.plist;
				LD_RUNPATH_SEARCH_PATHS = (
					"$(inherited)",
					"@executable_path/Frameworks",
				);
				PRODUCT_BUNDLE_IDENTIFIER = com.nived.Trivia;
				PRODUCT_NAME = "Trivia App";
				SWIFT_VERSION = 5.0;
				TARGETED_DEVICE_FAMILY = "1,2";
			};
			name = Release;
		};
		6379967624C5CF05009853BD /* Debug */ = {
			isa = XCBuildConfiguration;
			buildSettings = {
				ALWAYS_EMBED_SWIFT_STANDARD_LIBRARIES = YES;
				BUNDLE_LOADER = "$(TEST_HOST)";
				CODE_SIGN_STYLE = Automatic;
				INFOPLIST_FILE = TriviaTests/Info.plist;
				IPHONEOS_DEPLOYMENT_TARGET = 13.6;
				LD_RUNPATH_SEARCH_PATHS = (
					"$(inherited)",
					"@executable_path/Frameworks",
					"@loader_path/Frameworks",
				);
				PRODUCT_BUNDLE_IDENTIFIER = com.nived.TriviaTests;
				PRODUCT_NAME = "$(TARGET_NAME)";
				SWIFT_VERSION = 5.0;
				TARGETED_DEVICE_FAMILY = "1,2";
				TEST_HOST = "$(BUILT_PRODUCTS_DIR)/Trivia.app/Trivia";
			};
			name = Debug;
		};
		6379967724C5CF05009853BD /* Release */ = {
			isa = XCBuildConfiguration;
			buildSettings = {
				ALWAYS_EMBED_SWIFT_STANDARD_LIBRARIES = YES;
				BUNDLE_LOADER = "$(TEST_HOST)";
				CODE_SIGN_STYLE = Automatic;
				INFOPLIST_FILE = TriviaTests/Info.plist;
				IPHONEOS_DEPLOYMENT_TARGET = 13.6;
				LD_RUNPATH_SEARCH_PATHS = (
					"$(inherited)",
					"@executable_path/Frameworks",
					"@loader_path/Frameworks",
				);
				PRODUCT_BUNDLE_IDENTIFIER = com.nived.TriviaTests;
				PRODUCT_NAME = "$(TARGET_NAME)";
				SWIFT_VERSION = 5.0;
				TARGETED_DEVICE_FAMILY = "1,2";
				TEST_HOST = "$(BUILT_PRODUCTS_DIR)/Trivia.app/Trivia";
			};
			name = Release;
		};
		6379967924C5CF05009853BD /* Debug */ = {
			isa = XCBuildConfiguration;
			buildSettings = {
				ALWAYS_EMBED_SWIFT_STANDARD_LIBRARIES = YES;
				CODE_SIGN_STYLE = Automatic;
				INFOPLIST_FILE = TriviaUITests/Info.plist;
				LD_RUNPATH_SEARCH_PATHS = (
					"$(inherited)",
					"@executable_path/Frameworks",
					"@loader_path/Frameworks",
				);
				PRODUCT_BUNDLE_IDENTIFIER = com.nived.TriviaUITests;
				PRODUCT_NAME = "$(TARGET_NAME)";
				SWIFT_VERSION = 5.0;
				TARGETED_DEVICE_FAMILY = "1,2";
				TEST_TARGET_NAME = Trivia;
			};
			name = Debug;
		};
		6379967A24C5CF05009853BD /* Release */ = {
			isa = XCBuildConfiguration;
			buildSettings = {
				ALWAYS_EMBED_SWIFT_STANDARD_LIBRARIES = YES;
				CODE_SIGN_STYLE = Automatic;
				INFOPLIST_FILE = TriviaUITests/Info.plist;
				LD_RUNPATH_SEARCH_PATHS = (
					"$(inherited)",
					"@executable_path/Frameworks",
					"@loader_path/Frameworks",
				);
				PRODUCT_BUNDLE_IDENTIFIER = com.nived.TriviaUITests;
				PRODUCT_NAME = "$(TARGET_NAME)";
				SWIFT_VERSION = 5.0;
				TARGETED_DEVICE_FAMILY = "1,2";
				TEST_TARGET_NAME = Trivia;
			};
			name = Release;
		};
/* End XCBuildConfiguration section */

/* Begin XCConfigurationList section */
		6379964024C5CF03009853BD /* Build configuration list for PBXProject "Trivia" */ = {
			isa = XCConfigurationList;
			buildConfigurations = (
				6379967024C5CF05009853BD /* Debug */,
				6379967124C5CF05009853BD /* Release */,
			);
			defaultConfigurationIsVisible = 0;
			defaultConfigurationName = Release;
		};
		6379967224C5CF05009853BD /* Build configuration list for PBXNativeTarget "Trivia" */ = {
			isa = XCConfigurationList;
			buildConfigurations = (
				6379967324C5CF05009853BD /* Debug */,
				6379967424C5CF05009853BD /* Release */,
			);
			defaultConfigurationIsVisible = 0;
			defaultConfigurationName = Release;
		};
		6379967524C5CF05009853BD /* Build configuration list for PBXNativeTarget "TriviaTests" */ = {
			isa = XCConfigurationList;
			buildConfigurations = (
				6379967624C5CF05009853BD /* Debug */,
				6379967724C5CF05009853BD /* Release */,
			);
			defaultConfigurationIsVisible = 0;
			defaultConfigurationName = Release;
		};
		6379967824C5CF05009853BD /* Build configuration list for PBXNativeTarget "TriviaUITests" */ = {
			isa = XCConfigurationList;
			buildConfigurations = (
				6379967924C5CF05009853BD /* Debug */,
				6379967A24C5CF05009853BD /* Release */,
			);
			defaultConfigurationIsVisible = 0;
			defaultConfigurationName = Release;
		};
/* End XCConfigurationList section */

/* Begin XCVersionGroup section */
		6379965124C5CF03009853BD /* Trivia.xcdatamodeld */ = {
			isa = XCVersionGroup;
			children = (
				6379965224C5CF03009853BD /* Trivia.xcdatamodel */,
			);
			currentVersion = 6379965224C5CF03009853BD /* Trivia.xcdatamodel */;
			path = Trivia.xcdatamodeld;
			sourceTree = "<group>";
			versionGroupType = wrapper.xcdatamodel;
		};
/* End XCVersionGroup section */
	};
	rootObject = 6379963D24C5CF03009853BD /* Project object */;
}
